
Microsoft Visual Studio Solution File, Format Version 12.00
# Visual Studio Version 17
VisualStudioVersion = 17.7.34031.279
MinimumVisualStudioVersion = 10.0.40219.1
Project("{FAE04EC0-301F-11D3-BF4B-00C04F79EFBC}") = "WinFormsFileRenamer", "WinFormsFileRenamer\WinFormsFileRenamer.csproj", "{B6229363-27D3-4C86-AA34-04479940CCC1}"
EndProject
Global
	GlobalSection(SolutionConfigurationPlatforms) = preSolution
		Debug|Any CPU = Debug|Any CPU
		Release|Any CPU = Release|Any CPU
	EndGlobalSection
	GlobalSection(ProjectConfigurationPlatforms) = postSolution
		{B6229363-27D3-4C86-AA34-04479940CCC1}.Debug|Any CPU.ActiveCfg = Debug|Any CPU
		{B6229363-27D3-4C86-AA34-04479940CCC1}.Debug|Any CPU.Build.0 = Debug|Any CPU
		{B6229363-27D3-4C86-AA34-04479940CCC1}.Release|Any CPU.ActiveCfg = Release|Any CPU
		{B6229363-27D3-4C86-AA34-04479940CCC1}.Release|Any CPU.Build.0 = Release|Any CPU
	EndGlobalSection
	GlobalSection(SolutionProperties) = preSolution
		HideSolutionNode = FALSE
	EndGlobalSection
	GlobalSection(ExtensibilityGlobals) = postSolution
		SolutionGuid = {62E1A0FC-BFD2-4337-9FB6-D78C25DBA191}
	EndGlobalSection
EndGlobal
